
Microsoft Visual Studio Solution File, Format Version 12.00
# Visual Studio 15
VisualStudioVersion = 15.0.26730.16
MinimumVisualStudioVersion = 10.0.40219.1
Project("{FAE04EC0-301F-11D3-BF4B-00C04F79EFBC}") = "ProgramaCozinha", "ProgramaCozinha\ProgramaCozinha.csproj", "{6911EADE-1B12-47B3-B6B8-524608BB0C52}"
EndProject
Global
	GlobalSection(SolutionConfigurationPlatforms) = preSolution
		Debug|Any CPU = Debug|Any CPU
		Release|Any CPU = Release|Any CPU
	EndGlobalSection
	GlobalSection(ProjectConfigurationPlatforms) = postSolution
		{6911EADE-1B12-47B3-B6B8-524608BB0C52}.Debug|Any CPU.ActiveCfg = Debug|Any CPU
		{6911EADE-1B12-47B3-B6B8-524608BB0C52}.Debug|Any CPU.Build.0 = Debug|Any CPU
		{6911EADE-1B12-47B3-B6B8-524608BB0C52}.Release|Any CPU.ActiveCfg = Release|Any CPU
		{6911EADE-1B12-47B3-B6B8-524608BB0C52}.Release|Any CPU.Build.0 = Release|Any CPU
	EndGlobalSection
	GlobalSection(SolutionProperties) = preSolution
		HideSolutionNode = FALSE
	EndGlobalSection
	GlobalSection(ExtensibilityGlobals) = postSolution
		SolutionGuid = {610AFE60-D9B9-452D-81C7-F41F66EBCA0D}
	EndGlobalSection
EndGlobal
